
Microsoft Visual Studio Solution File, Format Version 12.00
# Visual Studio Version 17
VisualStudioVersion = 17.0.31903.59
MinimumVisualStudioVersion = 10.0.40219.1
Project("{FAE04EC0-301F-11D3-BF4B-00C04F79EFBC}") = "BuberDinner.Api", "BuberDinner.Api\BuberDinner.Api.csproj", "{B282BB86-C4DD-493A-9196-462605079D0F}"
EndProject
Project("{FAE04EC0-301F-11D3-BF4B-00C04F79EFBC}") = "BuberDinner.Application", "BuberDinner.Application\BuberDinner.Application.csproj", "{BA53C5E6-4F02-4BD3-B376-11BAA842947F}"
EndProject
Project("{FAE04EC0-301F-11D3-BF4B-00C04F79EFBC}") = "BuberDinner.Contracts", "BuberDinner.Contracts\BuberDinner.Contracts.csproj", "{64E01A43-2E40-4561-B0E8-DEB0EA22D65F}"
EndProject
Project("{FAE04EC0-301F-11D3-BF4B-00C04F79EFBC}") = "BuberDinner.Domain", "BuberDinner.Domain\BuberDinner.Domain.csproj", "{53B5758C-4559-4E85-855C-135128E8FFBB}"
EndProject
Project("{FAE04EC0-301F-11D3-BF4B-00C04F79EFBC}") = "BuberDinner.Infrastructure", "BuberDinner.Infrastructure\BuberDinner.Infrastructure.csproj", "{0C841B9D-2E03-4F89-9B83-EBD5E051F3A1}"
EndProject
Global
	GlobalSection(SolutionConfigurationPlatforms) = preSolution
		Debug|Any CPU = Debug|Any CPU
		Release|Any CPU = Release|Any CPU
	EndGlobalSection
	GlobalSection(SolutionProperties) = preSolution
		HideSolutionNode = FALSE
	EndGlobalSection
	GlobalSection(ProjectConfigurationPlatforms) = postSolution
		{B282BB86-C4DD-493A-9196-462605079D0F}.Debug|Any CPU.ActiveCfg = Debug|Any CPU
		{B282BB86-C4DD-493A-9196-462605079D0F}.Debug|Any CPU.Build.0 = Debug|Any CPU
		{B282BB86-C4DD-493A-9196-462605079D0F}.Release|Any CPU.ActiveCfg = Release|Any CPU
		{B282BB86-C4DD-493A-9196-462605079D0F}.Release|Any CPU.Build.0 = Release|Any CPU
		{BA53C5E6-4F02-4BD3-B376-11BAA842947F}.Debug|Any CPU.ActiveCfg = Debug|Any CPU
		{BA53C5E6-4F02-4BD3-B376-11BAA842947F}.Debug|Any CPU.Build.0 = Debug|Any CPU
		{BA53C5E6-4F02-4BD3-B376-11BAA842947F}.Release|Any CPU.ActiveCfg = Release|Any CPU
		{BA53C5E6-4F02-4BD3-B376-11BAA842947F}.Release|Any CPU.Build.0 = Release|Any CPU
		{64E01A43-2E40-4561-B0E8-DEB0EA22D65F}.Debug|Any CPU.ActiveCfg = Debug|Any CPU
		{64E01A43-2E40-4561-B0E8-DEB0EA22D65F}.Debug|Any CPU.Build.0 = Debug|Any CPU
		{64E01A43-2E40-4561-B0E8-DEB0EA22D65F}.Release|Any CPU.ActiveCfg = Release|Any CPU
		{64E01A43-2E40-4561-B0E8-DEB0EA22D65F}.Release|Any CPU.Build.0 = Release|Any CPU
		{53B5758C-4559-4E85-855C-135128E8FFBB}.Debug|Any CPU.ActiveCfg = Debug|Any CPU
		{53B5758C-4559-4E85-855C-135128E8FFBB}.Debug|Any CPU.Build.0 = Debug|Any CPU
		{53B5758C-4559-4E85-855C-135128E8FFBB}.Release|Any CPU.ActiveCfg = Release|Any CPU
		{53B5758C-4559-4E85-855C-135128E8FFBB}.Release|Any CPU.Build.0 = Release|Any CPU
		{0C841B9D-2E03-4F89-9B83-EBD5E051F3A1}.Debug|Any CPU.ActiveCfg = Debug|Any CPU
		{0C841B9D-2E03-4F89-9B83-EBD5E051F3A1}.Debug|Any CPU.Build.0 = Debug|Any CPU
		{0C841B9D-2E03-4F89-9B83-EBD5E051F3A1}.Release|Any CPU.ActiveCfg = Release|Any CPU
		{0C841B9D-2E03-4F89-9B83-EBD5E051F3A1}.Release|Any CPU.Build.0 = Release|Any CPU
	EndGlobalSection
EndGlobal
